
Microsoft Visual Studio Solution File, Format Version 12.00
# Visual Studio 2012
VisualStudioVersion = 12.0.30324.0
MinimumVisualStudioVersion = 10.0.40219.1
Project("{FAE04EC0-301F-11D3-BF4B-00C04F79EFBC}") = "Acr.MvvmCross.Plugins.SignaturePad", "Acr.MvvmCross.Plugins.SignaturePad\Acr.MvvmCross.Plugins.SignaturePad.csproj", "{B2AF970D-D640-451C-95AF-92AF531B8C1E}"
EndProject
Project("{FAE04EC0-301F-11D3-BF4B-00C04F79EFBC}") = "Acr.MvvmCross.Plugins.SignaturePad.Droid", "Acr.MvvmCross.Plugins.SignaturePad.Droid\Acr.MvvmCross.Plugins.SignaturePad.Droid.csproj", "{1D5482F6-AA89-422C-9E34-88A8A1AD8AB6}"
EndProject
Project("{FAE04EC0-301F-11D3-BF4B-00C04F79EFBC}") = "Acr.MvvmCross.Plugins.SignaturePad.Touch", "Acr.MvvmCross.Plugins.SignaturePad.Touch\Acr.MvvmCross.Plugins.SignaturePad.Touch.csproj", "{B12D20AA-0EDF-4903-B385-BB8090848532}"
EndProject
Project("{FAE04EC0-301F-11D3-BF4B-00C04F79EFBC}") = "Sample.Core", "Sample.Core\Sample.Core.csproj", "{E964232D-6D89-43E7-8433-3951BA627991}"
EndProject
Project("{2150E333-8FDC-42A3-9474-1A3956D46DE8}") = "nuspec", "nuspec", "{B6D5ACE2-067D-43D6-A01D-859E0A20E13E}"
	ProjectSection(SolutionItems) = preProject
		nuspec\Acr.MvvmCross.Plugins.SignaturePad.nuspec = nuspec\Acr.MvvmCross.Plugins.SignaturePad.nuspec
		nuspec\nuget.exe = nuspec\nuget.exe
		nuspec\pack.cmd = nuspec\pack.cmd
		nuspec\SignaturePadPluginBootstrap.cs.pp = nuspec\SignaturePadPluginBootstrap.cs.pp
		nuspec\TouchSignaturePadPluginBootstrap.cs.pp = nuspec\TouchSignaturePadPluginBootstrap.cs.pp
	EndProjectSection
EndProject
Project("{2150E333-8FDC-42A3-9474-1A3956D46DE8}") = "Solution Items", "Solution Items", "{65DD1268-DCCB-4707-AD15-7479FF28BAB8}"
	ProjectSection(SolutionItems) = preProject
		CommonAssemblyInfo.cs = CommonAssemblyInfo.cs
		README.md = README.md
	EndProjectSection
EndProject
Project("{FAE04EC0-301F-11D3-BF4B-00C04F79EFBC}") = "Acr.MvvmCross.Plugins.SignaturePad.WindowsPhone", "Acr.MvvmCross.Plugins.SignaturePad.WindowsPhone\Acr.MvvmCross.Plugins.SignaturePad.WindowsPhone.csproj", "{FB73D461-D197-42A2-8928-086333277E54}"
EndProject
Project("{FAE04EC0-301F-11D3-BF4B-00C04F79EFBC}") = "Sample.Droid", "Sample.Droid\Sample.Droid.csproj", "{BE38E618-A199-4644-890D-73C3AF0FDD5D}"
EndProject
Project("{FAE04EC0-301F-11D3-BF4B-00C04F79EFBC}") = "Sample.Touch", "Sample.Touch\Sample.Touch.csproj", "{85C0FCFC-13C2-4FA8-8F62-FEDA95015FFC}"
EndProject
Project("{FAE04EC0-301F-11D3-BF4B-00C04F79EFBC}") = "Sample.WindowsPhone", "Sample.WindowsPhone\Sample.WindowsPhone.csproj", "{120063A8-B06E-4651-9335-BA2167302EB0}"
EndProject
Global
	GlobalSection(SolutionConfigurationPlatforms) = preSolution
		Ad-Hoc|Any CPU = Ad-Hoc|Any CPU
		Ad-Hoc|ARM = Ad-Hoc|ARM
		Ad-Hoc|iPhone = Ad-Hoc|iPhone
		Ad-Hoc|iPhoneSimulator = Ad-Hoc|iPhoneSimulator
		Ad-Hoc|Mixed Platforms = Ad-Hoc|Mixed Platforms
		Ad-Hoc|x86 = Ad-Hoc|x86
		AppStore|Any CPU = AppStore|Any CPU
		AppStore|ARM = AppStore|ARM
		AppStore|iPhone = AppStore|iPhone
		AppStore|iPhoneSimulator = AppStore|iPhoneSimulator
		AppStore|Mixed Platforms = AppStore|Mixed Platforms
		AppStore|x86 = AppStore|x86
		Debug|Any CPU = Debug|Any CPU
		Debug|ARM = Debug|ARM
		Debug|iPhone = Debug|iPhone
		Debug|iPhoneSimulator = Debug|iPhoneSimulator
		Debug|Mixed Platforms = Debug|Mixed Platforms
		Debug|x86 = Debug|x86
		Release|Any CPU = Release|Any CPU
		Release|ARM = Release|ARM
		Release|iPhone = Release|iPhone
		Release|iPhoneSimulator = Release|iPhoneSimulator
		Release|Mixed Platforms = Release|Mixed Platforms
		Release|x86 = Release|x86
	EndGlobalSection
	GlobalSection(ProjectConfigurationPlatforms) = postSolution
		{120063A8-B06E-4651-9335-BA2167302EB0}.Ad-Hoc|Any CPU.ActiveCfg = Release|Any CPU
		{120063A8-B06E-4651-9335-BA2167302EB0}.Ad-Hoc|Any CPU.Build.0 = Release|Any CPU
		{120063A8-B06E-4651-9335-BA2167302EB0}.Ad-Hoc|Any CPU.Deploy.0 = Release|Any CPU
		{120063A8-B06E-4651-9335-BA2167302EB0}.Ad-Hoc|ARM.ActiveCfg = Release|ARM
		{120063A8-B06E-4651-9335-BA2167302EB0}.Ad-Hoc|ARM.Build.0 = Release|ARM
		{120063A8-B06E-4651-9335-BA2167302EB0}.Ad-Hoc|ARM.Deploy.0 = Release|ARM
		{120063A8-B06E-4651-9335-BA2167302EB0}.Ad-Hoc|iPhone.ActiveCfg = Release|Any CPU
		{120063A8-B06E-4651-9335-BA2167302EB0}.Ad-Hoc|iPhoneSimulator.ActiveCfg = Release|Any CPU
		{120063A8-B06E-4651-9335-BA2167302EB0}.Ad-Hoc|Mixed Platforms.ActiveCfg = Release|x86
		{120063A8-B06E-4651-9335-BA2167302EB0}.Ad-Hoc|Mixed Platforms.Build.0 = Release|x86
		{120063A8-B06E-4651-9335-BA2167302EB0}.Ad-Hoc|Mixed Platforms.Deploy.0 = Release|x86
		{120063A8-B06E-4651-9335-BA2167302EB0}.Ad-Hoc|x86.ActiveCfg = Release|x86
		{120063A8-B06E-4651-9335-BA2167302EB0}.Ad-Hoc|x86.Build.0 = Release|x86
		{120063A8-B06E-4651-9335-BA2167302EB0}.Ad-Hoc|x86.Deploy.0 = Release|x86
		{120063A8-B06E-4651-9335-BA2167302EB0}.AppStore|Any CPU.ActiveCfg = Release|Any CPU
		{120063A8-B06E-4651-9335-BA2167302EB0}.AppStore|Any CPU.Build.0 = Release|Any CPU
		{120063A8-B06E-4651-9335-BA2167302EB0}.AppStore|Any CPU.Deploy.0 = Release|Any CPU
		{120063A8-B06E-4651-9335-BA2167302EB0}.AppStore|ARM.ActiveCfg = Release|ARM
		{120063A8-B06E-4651-9335-BA2167302EB0}.AppStore|ARM.Build.0 = Release|ARM
		{120063A8-B06E-4651-9335-BA2167302EB0}.AppStore|ARM.Deploy.0 = Release|ARM
		{120063A8-B06E-4651-9335-BA2167302EB0}.AppStore|iPhone.ActiveCfg = Release|Any CPU
		{120063A8-B06E-4651-9335-BA2167302EB0}.AppStore|iPhoneSimulator.ActiveCfg = Release|Any CPU
		{120063A8-B06E-4651-9335-BA2167302EB0}.AppStore|Mixed Platforms.ActiveCfg = Release|x86
		{120063A8-B06E-4651-9335-BA2167302EB0}.AppStore|Mixed Platforms.Build.0 = Release|x86
		{120063A8-B06E-4651-9335-BA2167302EB0}.AppStore|Mixed Platforms.Deploy.0 = Release|x86
		{120063A8-B06E-4651-9335-BA2167302EB0}.AppStore|x86.ActiveCfg = Release|x86
		{120063A8-B06E-4651-9335-BA2167302EB0}.AppStore|x86.Build.0 = Release|x86
		{120063A8-B06E-4651-9335-BA2167302EB0}.AppStore|x86.Deploy.0 = Release|x86
		{120063A8-B06E-4651-9335-BA2167302EB0}.Debug|Any CPU.ActiveCfg = Debug|Any CPU
		{120063A8-B06E-4651-9335-BA2167302EB0}.Debug|Any CPU.Build.0 = Debug|Any CPU
		{120063A8-B06E-4651-9335-BA2167302EB0}.Debug|Any CPU.Deploy.0 = Debug|Any CPU
		{120063A8-B06E-4651-9335-BA2167302EB0}.Debug|ARM.ActiveCfg = Debug|ARM
		{120063A8-B06E-4651-9335-BA2167302EB0}.Debug|ARM.Build.0 = Debug|ARM
		{120063A8-B06E-4651-9335-BA2167302EB0}.Debug|ARM.Deploy.0 = Debug|ARM
		{120063A8-B06E-4651-9335-BA2167302EB0}.Debug|iPhone.ActiveCfg = Debug|Any CPU
		{120063A8-B06E-4651-9335-BA2167302EB0}.Debug|iPhoneSimulator.ActiveCfg = Debug|Any CPU
		{120063A8-B06E-4651-9335-BA2167302EB0}.Debug|Mixed Platforms.ActiveCfg = Debug|x86
		{120063A8-B06E-4651-9335-BA2167302EB0}.Debug|Mixed Platforms.Build.0 = Debug|x86
		{120063A8-B06E-4651-9335-BA2167302EB0}.Debug|Mixed Platforms.Deploy.0 = Debug|x86
		{120063A8-B06E-4651-9335-BA2167302EB0}.Debug|x86.ActiveCfg = Debug|x86
		{120063A8-B06E-4651-9335-BA2167302EB0}.Debug|x86.Build.0 = Debug|x86
		{120063A8-B06E-4651-9335-BA2167302EB0}.Debug|x86.Deploy.0 = Debug|x86
		{120063A8-B06E-4651-9335-BA2167302EB0}.Release|Any CPU.ActiveCfg = Release|Any CPU
		{120063A8-B06E-4651-9335-BA2167302EB0}.Release|Any CPU.Build.0 = Release|Any CPU
		{120063A8-B06E-4651-9335-BA2167302EB0}.Release|Any CPU.Deploy.0 = Release|Any CPU
		{120063A8-B06E-4651-9335-BA2167302EB0}.Release|ARM.ActiveCfg = Release|ARM
		{120063A8-B06E-4651-9335-BA2167302EB0}.Release|ARM.Build.0 = Release|ARM
		{120063A8-B06E-4651-9335-BA2167302EB0}.Release|ARM.Deploy.0 = Release|ARM
		{120063A8-B06E-4651-9335-BA2167302EB0}.Release|iPhone.ActiveCfg = Release|Any CPU
		{120063A8-B06E-4651-9335-BA2167302EB0}.Release|iPhoneSimulator.ActiveCfg = Release|Any CPU
		{120063A8-B06E-4651-9335-BA2167302EB0}.Release|Mixed Platforms.ActiveCfg = Release|x86
		{120063A8-B06E-4651-9335-BA2167302EB0}.Release|Mixed Platforms.Build.0 = Release|x86
		{120063A8-B06E-4651-9335-BA2167302EB0}.Release|Mixed Platforms.Deploy.0 = Release|x86
		{120063A8-B06E-4651-9335-BA2167302EB0}.Release|x86.ActiveCfg = Release|x86
		{120063A8-B06E-4651-9335-BA2167302EB0}.Release|x86.Build.0 = Release|x86
		{120063A8-B06E-4651-9335-BA2167302EB0}.Release|x86.Deploy.0 = Release|x86
		{1D5482F6-AA89-422C-9E34-88A8A1AD8AB6}.Ad-Hoc|Any CPU.ActiveCfg = Release|Any CPU
		{1D5482F6-AA89-422C-9E34-88A8A1AD8AB6}.Ad-Hoc|Any CPU.Build.0 = Release|Any CPU
		{1D5482F6-AA89-422C-9E34-88A8A1AD8AB6}.Ad-Hoc|ARM.ActiveCfg = Release|Any CPU
		{1D5482F6-AA89-422C-9E34-88A8A1AD8AB6}.Ad-Hoc|iPhone.ActiveCfg = Release|Any CPU
		{1D5482F6-AA89-422C-9E34-88A8A1AD8AB6}.Ad-Hoc|iPhoneSimulator.ActiveCfg = Release|Any CPU
		{1D5482F6-AA89-422C-9E34-88A8A1AD8AB6}.Ad-Hoc|Mixed Platforms.ActiveCfg = Release|Any CPU
		{1D5482F6-AA89-422C-9E34-88A8A1AD8AB6}.Ad-Hoc|Mixed Platforms.Build.0 = Release|Any CPU
		{1D5482F6-AA89-422C-9E34-88A8A1AD8AB6}.Ad-Hoc|x86.ActiveCfg = Release|Any CPU
		{1D5482F6-AA89-422C-9E34-88A8A1AD8AB6}.AppStore|Any CPU.ActiveCfg = Release|Any CPU
		{1D5482F6-AA89-422C-9E34-88A8A1AD8AB6}.AppStore|Any CPU.Build.0 = Release|Any CPU
		{1D5482F6-AA89-422C-9E34-88A8A1AD8AB6}.AppStore|ARM.ActiveCfg = Release|Any CPU
		{1D5482F6-AA89-422C-9E34-88A8A1AD8AB6}.AppStore|iPhone.ActiveCfg = Release|Any CPU
		{1D5482F6-AA89-422C-9E34-88A8A1AD8AB6}.AppStore|iPhoneSimulator.ActiveCfg = Release|Any CPU
		{1D5482F6-AA89-422C-9E34-88A8A1AD8AB6}.AppStore|Mixed Platforms.ActiveCfg = Release|Any CPU
		{1D5482F6-AA89-422C-9E34-88A8A1AD8AB6}.AppStore|Mixed Platforms.Build.0 = Release|Any CPU
		{1D5482F6-AA89-422C-9E34-88A8A1AD8AB6}.AppStore|x86.ActiveCfg = Release|Any CPU
		{1D5482F6-AA89-422C-9E34-88A8A1AD8AB6}.Debug|Any CPU.ActiveCfg = Debug|Any CPU
		{1D5482F6-AA89-422C-9E34-88A8A1AD8AB6}.Debug|Any CPU.Build.0 = Debug|Any CPU
		{1D5482F6-AA89-422C-9E34-88A8A1AD8AB6}.Debug|ARM.ActiveCfg = Debug|Any CPU
		{1D5482F6-AA89-422C-9E34-88A8A1AD8AB6}.Debug|iPhone.ActiveCfg = Debug|Any CPU
		{1D5482F6-AA89-422C-9E34-88A8A1AD8AB6}.Debug|iPhoneSimulator.ActiveCfg = Debug|Any CPU
		{1D5482F6-AA89-422C-9E34-88A8A1AD8AB6}.Debug|Mixed Platforms.ActiveCfg = Debug|Any CPU
		{1D5482F6-AA89-422C-9E34-88A8A1AD8AB6}.Debug|Mixed Platforms.Build.0 = Debug|Any CPU
		{1D5482F6-AA89-422C-9E34-88A8A1AD8AB6}.Debug|x86.ActiveCfg = Debug|Any CPU
		{1D5482F6-AA89-422C-9E34-88A8A1AD8AB6}.Release|Any CPU.ActiveCfg = Release|Any CPU
		{1D5482F6-AA89-422C-9E34-88A8A1AD8AB6}.Release|Any CPU.Build.0 = Release|Any CPU
		{1D5482F6-AA89-422C-9E34-88A8A1AD8AB6}.Release|ARM.ActiveCfg = Release|Any CPU
		{1D5482F6-AA89-422C-9E34-88A8A1AD8AB6}.Release|iPhone.ActiveCfg = Release|Any CPU
		{1D5482F6-AA89-422C-9E34-88A8A1AD8AB6}.Release|iPhoneSimulator.ActiveCfg = Release|Any CPU
		{1D5482F6-AA89-422C-9E34-88A8A1AD8AB6}.Release|Mixed Platforms.ActiveCfg = Release|Any CPU
		{1D5482F6-AA89-422C-9E34-88A8A1AD8AB6}.Release|Mixed Platforms.Build.0 = Release|Any CPU
		{1D5482F6-AA89-422C-9E34-88A8A1AD8AB6}.Release|x86.ActiveCfg = Release|Any CPU
		{85C0FCFC-13C2-4FA8-8F62-FEDA95015FFC}.Ad-Hoc|Any CPU.ActiveCfg = Ad-Hoc|iPhone
		{85C0FCFC-13C2-4FA8-8F62-FEDA95015FFC}.Ad-Hoc|ARM.ActiveCfg = Ad-Hoc|iPhone
		{85C0FCFC-13C2-4FA8-8F62-FEDA95015FFC}.Ad-Hoc|iPhone.ActiveCfg = Ad-Hoc|iPhone
		{85C0FCFC-13C2-4FA8-8F62-FEDA95015FFC}.Ad-Hoc|iPhone.Build.0 = Ad-Hoc|iPhone
		{85C0FCFC-13C2-4FA8-8F62-FEDA95015FFC}.Ad-Hoc|iPhone.Deploy.0 = Ad-Hoc|iPhone
		{85C0FCFC-13C2-4FA8-8F62-FEDA95015FFC}.Ad-Hoc|iPhoneSimulator.ActiveCfg = Ad-Hoc|iPhoneSimulator
		{85C0FCFC-13C2-4FA8-8F62-FEDA95015FFC}.Ad-Hoc|iPhoneSimulator.Build.0 = Ad-Hoc|iPhoneSimulator
		{85C0FCFC-13C2-4FA8-8F62-FEDA95015FFC}.Ad-Hoc|iPhoneSimulator.Deploy.0 = Ad-Hoc|iPhoneSimulator
		{85C0FCFC-13C2-4FA8-8F62-FEDA95015FFC}.Ad-Hoc|Mixed Platforms.ActiveCfg = Ad-Hoc|iPhone
		{85C0FCFC-13C2-4FA8-8F62-FEDA95015FFC}.Ad-Hoc|Mixed Platforms.Build.0 = Ad-Hoc|iPhone
		{85C0FCFC-13C2-4FA8-8F62-FEDA95015FFC}.Ad-Hoc|Mixed Platforms.Deploy.0 = Ad-Hoc|iPhone
		{85C0FCFC-13C2-4FA8-8F62-FEDA95015FFC}.Ad-Hoc|x86.ActiveCfg = Ad-Hoc|iPhone
		{85C0FCFC-13C2-4FA8-8F62-FEDA95015FFC}.AppStore|Any CPU.ActiveCfg = AppStore|iPhone
		{85C0FCFC-13C2-4FA8-8F62-FEDA95015FFC}.AppStore|ARM.ActiveCfg = AppStore|iPhone
		{85C0FCFC-13C2-4FA8-8F62-FEDA95015FFC}.AppStore|iPhone.ActiveCfg = AppStore|iPhone
		{85C0FCFC-13C2-4FA8-8F62-FEDA95015FFC}.AppStore|iPhone.Build.0 = AppStore|iPhone
		{85C0FCFC-13C2-4FA8-8F62-FEDA95015FFC}.AppStore|iPhone.Deploy.0 = AppStore|iPhone
		{85C0FCFC-13C2-4FA8-8F62-FEDA95015FFC}.AppStore|iPhoneSimulator.ActiveCfg = AppStore|iPhoneSimulator
		{85C0FCFC-13C2-4FA8-8F62-FEDA95015FFC}.AppStore|iPhoneSimulator.Build.0 = AppStore|iPhoneSimulator
		{85C0FCFC-13C2-4FA8-8F62-FEDA95015FFC}.AppStore|iPhoneSimulator.Deploy.0 = AppStore|iPhoneSimulator
		{85C0FCFC-13C2-4FA8-8F62-FEDA95015FFC}.AppStore|Mixed Platforms.ActiveCfg = AppStore|iPhone
		{85C0FCFC-13C2-4FA8-8F62-FEDA95015FFC}.AppStore|Mixed Platforms.Build.0 = AppStore|iPhone
		{85C0FCFC-13C2-4FA8-8F62-FEDA95015FFC}.AppStore|Mixed Platforms.Deploy.0 = AppStore|iPhone
		{85C0FCFC-13C2-4FA8-8F62-FEDA95015FFC}.AppStore|x86.ActiveCfg = AppStore|iPhone
		{85C0FCFC-13C2-4FA8-8F62-FEDA95015FFC}.Debug|Any CPU.ActiveCfg = Debug|iPhone
		{85C0FCFC-13C2-4FA8-8F62-FEDA95015FFC}.Debug|ARM.ActiveCfg = Debug|iPhone
		{85C0FCFC-13C2-4FA8-8F62-FEDA95015FFC}.Debug|iPhone.ActiveCfg = Debug|iPhone
		{85C0FCFC-13C2-4FA8-8F62-FEDA95015FFC}.Debug|iPhone.Build.0 = Debug|iPhone
		{85C0FCFC-13C2-4FA8-8F62-FEDA95015FFC}.Debug|iPhone.Deploy.0 = Debug|iPhone
		{85C0FCFC-13C2-4FA8-8F62-FEDA95015FFC}.Debug|iPhoneSimulator.ActiveCfg = Debug|iPhoneSimulator
		{85C0FCFC-13C2-4FA8-8F62-FEDA95015FFC}.Debug|iPhoneSimulator.Build.0 = Debug|iPhoneSimulator
		{85C0FCFC-13C2-4FA8-8F62-FEDA95015FFC}.Debug|iPhoneSimulator.Deploy.0 = Debug|iPhoneSimulator
		{85C0FCFC-13C2-4FA8-8F62-FEDA95015FFC}.Debug|Mixed Platforms.ActiveCfg = Debug|iPhone
		{85C0FCFC-13C2-4FA8-8F62-FEDA95015FFC}.Debug|Mixed Platforms.Build.0 = Debug|iPhone
		{85C0FCFC-13C2-4FA8-8F62-FEDA95015FFC}.Debug|Mixed Platforms.Deploy.0 = Debug|iPhone
		{85C0FCFC-13C2-4FA8-8F62-FEDA95015FFC}.Debug|x86.ActiveCfg = Debug|iPhone
		{85C0FCFC-13C2-4FA8-8F62-FEDA95015FFC}.Release|Any CPU.ActiveCfg = Release|iPhone
		{85C0FCFC-13C2-4FA8-8F62-FEDA95015FFC}.Release|ARM.ActiveCfg = Release|iPhone
		{85C0FCFC-13C2-4FA8-8F62-FEDA95015FFC}.Release|iPhone.ActiveCfg = Release|iPhone
		{85C0FCFC-13C2-4FA8-8F62-FEDA95015FFC}.Release|iPhone.Build.0 = Release|iPhone
		{85C0FCFC-13C2-4FA8-8F62-FEDA95015FFC}.Release|iPhone.Deploy.0 = Release|iPhone
		{85C0FCFC-13C2-4FA8-8F62-FEDA95015FFC}.Release|iPhoneSimulator.ActiveCfg = Release|iPhoneSimulator
		{85C0FCFC-13C2-4FA8-8F62-FEDA95015FFC}.Release|iPhoneSimulator.Build.0 = Release|iPhoneSimulator
		{85C0FCFC-13C2-4FA8-8F62-FEDA95015FFC}.Release|iPhoneSimulator.Deploy.0 = Release|iPhoneSimulator
		{85C0FCFC-13C2-4FA8-8F62-FEDA95015FFC}.Release|Mixed Platforms.ActiveCfg = Release|iPhone
		{85C0FCFC-13C2-4FA8-8F62-FEDA95015FFC}.Release|Mixed Platforms.Build.0 = Release|iPhone
		{85C0FCFC-13C2-4FA8-8F62-FEDA95015FFC}.Release|Mixed Platforms.Deploy.0 = Release|iPhone
		{85C0FCFC-13C2-4FA8-8F62-FEDA95015FFC}.Release|x86.ActiveCfg = Release|iPhone
		{B12D20AA-0EDF-4903-B385-BB8090848532}.Ad-Hoc|Any CPU.ActiveCfg = Release|Any CPU
		{B12D20AA-0EDF-4903-B385-BB8090848532}.Ad-Hoc|Any CPU.Build.0 = Release|Any CPU
		{B12D20AA-0EDF-4903-B385-BB8090848532}.Ad-Hoc|ARM.ActiveCfg = Release|Any CPU
		{B12D20AA-0EDF-4903-B385-BB8090848532}.Ad-Hoc|iPhone.ActiveCfg = Release|Any CPU
		{B12D20AA-0EDF-4903-B385-BB8090848532}.Ad-Hoc|iPhoneSimulator.ActiveCfg = Release|Any CPU
		{B12D20AA-0EDF-4903-B385-BB8090848532}.Ad-Hoc|Mixed Platforms.ActiveCfg = Release|Any CPU
		{B12D20AA-0EDF-4903-B385-BB8090848532}.Ad-Hoc|Mixed Platforms.Build.0 = Release|Any CPU
		{B12D20AA-0EDF-4903-B385-BB8090848532}.Ad-Hoc|x86.ActiveCfg = Release|Any CPU
		{B12D20AA-0EDF-4903-B385-BB8090848532}.AppStore|Any CPU.ActiveCfg = Release|Any CPU
		{B12D20AA-0EDF-4903-B385-BB8090848532}.AppStore|Any CPU.Build.0 = Release|Any CPU
		{B12D20AA-0EDF-4903-B385-BB8090848532}.AppStore|ARM.ActiveCfg = Release|Any CPU
		{B12D20AA-0EDF-4903-B385-BB8090848532}.AppStore|iPhone.ActiveCfg = Release|Any CPU
		{B12D20AA-0EDF-4903-B385-BB8090848532}.AppStore|iPhoneSimulator.ActiveCfg = Release|Any CPU
		{B12D20AA-0EDF-4903-B385-BB8090848532}.AppStore|Mixed Platforms.ActiveCfg = Release|Any CPU
		{B12D20AA-0EDF-4903-B385-BB8090848532}.AppStore|Mixed Platforms.Build.0 = Release|Any CPU
		{B12D20AA-0EDF-4903-B385-BB8090848532}.AppStore|x86.ActiveCfg = Release|Any CPU
		{B12D20AA-0EDF-4903-B385-BB8090848532}.Debug|Any CPU.ActiveCfg = Debug|Any CPU
		{B12D20AA-0EDF-4903-B385-BB8090848532}.Debug|Any CPU.Build.0 = Debug|Any CPU
		{B12D20AA-0EDF-4903-B385-BB8090848532}.Debug|ARM.ActiveCfg = Debug|Any CPU
		{B12D20AA-0EDF-4903-B385-BB8090848532}.Debug|iPhone.ActiveCfg = Debug|Any CPU
		{B12D20AA-0EDF-4903-B385-BB8090848532}.Debug|iPhoneSimulator.ActiveCfg = Debug|Any CPU
		{B12D20AA-0EDF-4903-B385-BB8090848532}.Debug|Mixed Platforms.ActiveCfg = Debug|Any CPU
		{B12D20AA-0EDF-4903-B385-BB8090848532}.Debug|Mixed Platforms.Build.0 = Debug|Any CPU
		{B12D20AA-0EDF-4903-B385-BB8090848532}.Debug|x86.ActiveCfg = Debug|Any CPU
		{B12D20AA-0EDF-4903-B385-BB8090848532}.Release|Any CPU.ActiveCfg = Release|Any CPU
		{B12D20AA-0EDF-4903-B385-BB8090848532}.Release|Any CPU.Build.0 = Release|Any CPU
		{B12D20AA-0EDF-4903-B385-BB8090848532}.Release|ARM.ActiveCfg = Release|Any CPU
		{B12D20AA-0EDF-4903-B385-BB8090848532}.Release|iPhone.ActiveCfg = Release|Any CPU
		{B12D20AA-0EDF-4903-B385-BB8090848532}.Release|iPhoneSimulator.ActiveCfg = Release|Any CPU
		{B12D20AA-0EDF-4903-B385-BB8090848532}.Release|Mixed Platforms.ActiveCfg = Release|Any CPU
		{B12D20AA-0EDF-4903-B385-BB8090848532}.Release|Mixed Platforms.Build.0 = Release|Any CPU
		{B12D20AA-0EDF-4903-B385-BB8090848532}.Release|x86.ActiveCfg = Release|Any CPU
		{B2AF970D-D640-451C-95AF-92AF531B8C1E}.Ad-Hoc|Any CPU.ActiveCfg = Release|Any CPU
		{B2AF970D-D640-451C-95AF-92AF531B8C1E}.Ad-Hoc|Any CPU.Build.0 = Release|Any CPU
		{B2AF970D-D640-451C-95AF-92AF531B8C1E}.Ad-Hoc|ARM.ActiveCfg = Release|Any CPU
		{B2AF970D-D640-451C-95AF-92AF531B8C1E}.Ad-Hoc|iPhone.ActiveCfg = Release|Any CPU
		{B2AF970D-D640-451C-95AF-92AF531B8C1E}.Ad-Hoc|iPhoneSimulator.ActiveCfg = Release|Any CPU
		{B2AF970D-D640-451C-95AF-92AF531B8C1E}.Ad-Hoc|Mixed Platforms.ActiveCfg = Release|Any CPU
		{B2AF970D-D640-451C-95AF-92AF531B8C1E}.Ad-Hoc|Mixed Platforms.Build.0 = Release|Any CPU
		{B2AF970D-D640-451C-95AF-92AF531B8C1E}.Ad-Hoc|x86.ActiveCfg = Release|Any CPU
		{B2AF970D-D640-451C-95AF-92AF531B8C1E}.AppStore|Any CPU.ActiveCfg = Release|Any CPU
		{B2AF970D-D640-451C-95AF-92AF531B8C1E}.AppStore|Any CPU.Build.0 = Release|Any CPU
		{B2AF970D-D640-451C-95AF-92AF531B8C1E}.AppStore|ARM.ActiveCfg = Release|Any CPU
		{B2AF970D-D640-451C-95AF-92AF531B8C1E}.AppStore|iPhone.ActiveCfg = Release|Any CPU
		{B2AF970D-D640-451C-95AF-92AF531B8C1E}.AppStore|iPhoneSimulator.ActiveCfg = Release|Any CPU
		{B2AF970D-D640-451C-95AF-92AF531B8C1E}.AppStore|Mixed Platforms.ActiveCfg = Release|Any CPU
		{B2AF970D-D640-451C-95AF-92AF531B8C1E}.AppStore|Mixed Platforms.Build.0 = Release|Any CPU
		{B2AF970D-D640-451C-95AF-92AF531B8C1E}.AppStore|x86.ActiveCfg = Release|Any CPU
		{B2AF970D-D640-451C-95AF-92AF531B8C1E}.Debug|Any CPU.ActiveCfg = Debug|Any CPU
		{B2AF970D-D640-451C-95AF-92AF531B8C1E}.Debug|Any CPU.Build.0 = Debug|Any CPU
		{B2AF970D-D640-451C-95AF-92AF531B8C1E}.Debug|ARM.ActiveCfg = Debug|Any CPU
		{B2AF970D-D640-451C-95AF-92AF531B8C1E}.Debug|iPhone.ActiveCfg = Debug|Any CPU
		{B2AF970D-D640-451C-95AF-92AF531B8C1E}.Debug|iPhoneSimulator.ActiveCfg = Debug|Any CPU
		{B2AF970D-D640-451C-95AF-92AF531B8C1E}.Debug|Mixed Platforms.ActiveCfg = Debug|Any CPU
		{B2AF970D-D640-451C-95AF-92AF531B8C1E}.Debug|Mixed Platforms.Build.0 = Debug|Any CPU
		{B2AF970D-D640-451C-95AF-92AF531B8C1E}.Debug|x86.ActiveCfg = Debug|Any CPU
		{B2AF970D-D640-451C-95AF-92AF531B8C1E}.Release|Any CPU.ActiveCfg = Release|Any CPU
		{B2AF970D-D640-451C-95AF-92AF531B8C1E}.Release|Any CPU.Build.0 = Release|Any CPU
		{B2AF970D-D640-451C-95AF-92AF531B8C1E}.Release|ARM.ActiveCfg = Release|Any CPU
		{B2AF970D-D640-451C-95AF-92AF531B8C1E}.Release|iPhone.ActiveCfg = Release|Any CPU
		{B2AF970D-D640-451C-95AF-92AF531B8C1E}.Release|iPhoneSimulator.ActiveCfg = Release|Any CPU
		{B2AF970D-D640-451C-95AF-92AF531B8C1E}.Release|Mixed Platforms.ActiveCfg = Release|Any CPU
		{B2AF970D-D640-451C-95AF-92AF531B8C1E}.Release|Mixed Platforms.Build.0 = Release|Any CPU
		{B2AF970D-D640-451C-95AF-92AF531B8C1E}.Release|x86.ActiveCfg = Release|Any CPU
		{BE38E618-A199-4644-890D-73C3AF0FDD5D}.Ad-Hoc|Any CPU.ActiveCfg = Release|Any CPU
		{BE38E618-A199-4644-890D-73C3AF0FDD5D}.Ad-Hoc|Any CPU.Build.0 = Release|Any CPU
		{BE38E618-A199-4644-890D-73C3AF0FDD5D}.Ad-Hoc|Any CPU.Deploy.0 = Release|Any CPU
		{BE38E618-A199-4644-890D-73C3AF0FDD5D}.Ad-Hoc|ARM.ActiveCfg = Release|Any CPU
		{BE38E618-A199-4644-890D-73C3AF0FDD5D}.Ad-Hoc|iPhone.ActiveCfg = Release|Any CPU
		{BE38E618-A199-4644-890D-73C3AF0FDD5D}.Ad-Hoc|iPhoneSimulator.ActiveCfg = Release|Any CPU
		{BE38E618-A199-4644-890D-73C3AF0FDD5D}.Ad-Hoc|Mixed Platforms.ActiveCfg = Release|Any CPU
		{BE38E618-A199-4644-890D-73C3AF0FDD5D}.Ad-Hoc|Mixed Platforms.Build.0 = Release|Any CPU
		{BE38E618-A199-4644-890D-73C3AF0FDD5D}.Ad-Hoc|Mixed Platforms.Deploy.0 = Release|Any CPU
		{BE38E618-A199-4644-890D-73C3AF0FDD5D}.Ad-Hoc|x86.ActiveCfg = Release|Any CPU
		{BE38E618-A199-4644-890D-73C3AF0FDD5D}.AppStore|Any CPU.ActiveCfg = Release|Any CPU
		{BE38E618-A199-4644-890D-73C3AF0FDD5D}.AppStore|Any CPU.Build.0 = Release|Any CPU
		{BE38E618-A199-4644-890D-73C3AF0FDD5D}.AppStore|Any CPU.Deploy.0 = Release|Any CPU
		{BE38E618-A199-4644-890D-73C3AF0FDD5D}.AppStore|ARM.ActiveCfg = Release|Any CPU
		{BE38E618-A199-4644-890D-73C3AF0FDD5D}.AppStore|iPhone.ActiveCfg = Release|Any CPU
		{BE38E618-A199-4644-890D-73C3AF0FDD5D}.AppStore|iPhoneSimulator.ActiveCfg = Release|Any CPU
		{BE38E618-A199-4644-890D-73C3AF0FDD5D}.AppStore|Mixed Platforms.ActiveCfg = Release|Any CPU
		{BE38E618-A199-4644-890D-73C3AF0FDD5D}.AppStore|Mixed Platforms.Build.0 = Release|Any CPU
		{BE38E618-A199-4644-890D-73C3AF0FDD5D}.AppStore|Mixed Platforms.Deploy.0 = Release|Any CPU
		{BE38E618-A199-4644-890D-73C3AF0FDD5D}.AppStore|x86.ActiveCfg = Release|Any CPU
		{BE38E618-A199-4644-890D-73C3AF0FDD5D}.Debug|Any CPU.ActiveCfg = Debug|Any CPU
		{BE38E618-A199-4644-890D-73C3AF0FDD5D}.Debug|Any CPU.Build.0 = Debug|Any CPU
		{BE38E618-A199-4644-890D-73C3AF0FDD5D}.Debug|Any CPU.Deploy.0 = Debug|Any CPU
		{BE38E618-A199-4644-890D-73C3AF0FDD5D}.Debug|ARM.ActiveCfg = Debug|Any CPU
		{BE38E618-A199-4644-890D-73C3AF0FDD5D}.Debug|iPhone.ActiveCfg = Debug|Any CPU
		{BE38E618-A199-4644-890D-73C3AF0FDD5D}.Debug|iPhoneSimulator.ActiveCfg = Debug|Any CPU
		{BE38E618-A199-4644-890D-73C3AF0FDD5D}.Debug|Mixed Platforms.ActiveCfg = Debug|Any CPU
		{BE38E618-A199-4644-890D-73C3AF0FDD5D}.Debug|Mixed Platforms.Build.0 = Debug|Any CPU
		{BE38E618-A199-4644-890D-73C3AF0FDD5D}.Debug|Mixed Platforms.Deploy.0 = Debug|Any CPU
		{BE38E618-A199-4644-890D-73C3AF0FDD5D}.Debug|x86.ActiveCfg = Debug|Any CPU
		{BE38E618-A199-4644-890D-73C3AF0FDD5D}.Release|Any CPU.ActiveCfg = Release|Any CPU
		{BE38E618-A199-4644-890D-73C3AF0FDD5D}.Release|Any CPU.Build.0 = Release|Any CPU
		{BE38E618-A199-4644-890D-73C3AF0FDD5D}.Release|Any CPU.Deploy.0 = Release|Any CPU
		{BE38E618-A199-4644-890D-73C3AF0FDD5D}.Release|ARM.ActiveCfg = Release|Any CPU
		{BE38E618-A199-4644-890D-73C3AF0FDD5D}.Release|iPhone.ActiveCfg = Release|Any CPU
		{BE38E618-A199-4644-890D-73C3AF0FDD5D}.Release|iPhoneSimulator.ActiveCfg = Release|Any CPU
		{BE38E618-A199-4644-890D-73C3AF0FDD5D}.Release|Mixed Platforms.ActiveCfg = Release|Any CPU
		{BE38E618-A199-4644-890D-73C3AF0FDD5D}.Release|Mixed Platforms.Build.0 = Release|Any CPU
		{BE38E618-A199-4644-890D-73C3AF0FDD5D}.Release|Mixed Platforms.Deploy.0 = Release|Any CPU
		{BE38E618-A199-4644-890D-73C3AF0FDD5D}.Release|x86.ActiveCfg = Release|Any CPU
		{E964232D-6D89-43E7-8433-3951BA627991}.Ad-Hoc|Any CPU.ActiveCfg = Release|Any CPU
		{E964232D-6D89-43E7-8433-3951BA627991}.Ad-Hoc|Any CPU.Build.0 = Release|Any CPU
		{E964232D-6D89-43E7-8433-3951BA627991}.Ad-Hoc|ARM.ActiveCfg = Release|Any CPU
		{E964232D-6D89-43E7-8433-3951BA627991}.Ad-Hoc|iPhone.ActiveCfg = Release|Any CPU
		{E964232D-6D89-43E7-8433-3951BA627991}.Ad-Hoc|iPhoneSimulator.ActiveCfg = Release|Any CPU
		{E964232D-6D89-43E7-8433-3951BA627991}.Ad-Hoc|Mixed Platforms.ActiveCfg = Release|Any CPU
		{E964232D-6D89-43E7-8433-3951BA627991}.Ad-Hoc|Mixed Platforms.Build.0 = Release|Any CPU
		{E964232D-6D89-43E7-8433-3951BA627991}.Ad-Hoc|x86.ActiveCfg = Release|Any CPU
		{E964232D-6D89-43E7-8433-3951BA627991}.AppStore|Any CPU.ActiveCfg = Release|Any CPU
		{E964232D-6D89-43E7-8433-3951BA627991}.AppStore|Any CPU.Build.0 = Release|Any CPU
		{E964232D-6D89-43E7-8433-3951BA627991}.AppStore|ARM.ActiveCfg = Release|Any CPU
		{E964232D-6D89-43E7-8433-3951BA627991}.AppStore|iPhone.ActiveCfg = Release|Any CPU
		{E964232D-6D89-43E7-8433-3951BA627991}.AppStore|iPhoneSimulator.ActiveCfg = Release|Any CPU
		{E964232D-6D89-43E7-8433-3951BA627991}.AppStore|Mixed Platforms.ActiveCfg = Release|Any CPU
		{E964232D-6D89-43E7-8433-3951BA627991}.AppStore|Mixed Platforms.Build.0 = Release|Any CPU
		{E964232D-6D89-43E7-8433-3951BA627991}.AppStore|x86.ActiveCfg = Release|Any CPU
		{E964232D-6D89-43E7-8433-3951BA627991}.Debug|Any CPU.ActiveCfg = Debug|Any CPU
		{E964232D-6D89-43E7-8433-3951BA627991}.Debug|Any CPU.Build.0 = Debug|Any CPU
		{E964232D-6D89-43E7-8433-3951BA627991}.Debug|ARM.ActiveCfg = Debug|Any CPU
		{E964232D-6D89-43E7-8433-3951BA627991}.Debug|iPhone.ActiveCfg = Debug|Any CPU
		{E964232D-6D89-43E7-8433-3951BA627991}.Debug|iPhoneSimulator.ActiveCfg = Debug|Any CPU
		{E964232D-6D89-43E7-8433-3951BA627991}.Debug|Mixed Platforms.ActiveCfg = Debug|Any CPU
		{E964232D-6D89-43E7-8433-3951BA627991}.Debug|Mixed Platforms.Build.0 = Debug|Any CPU
		{E964232D-6D89-43E7-8433-3951BA627991}.Debug|x86.ActiveCfg = Debug|Any CPU
		{E964232D-6D89-43E7-8433-3951BA627991}.Release|Any CPU.ActiveCfg = Release|Any CPU
		{E964232D-6D89-43E7-8433-3951BA627991}.Release|Any CPU.Build.0 = Release|Any CPU
		{E964232D-6D89-43E7-8433-3951BA627991}.Release|ARM.ActiveCfg = Release|Any CPU
		{E964232D-6D89-43E7-8433-3951BA627991}.Release|iPhone.ActiveCfg = Release|Any CPU
		{E964232D-6D89-43E7-8433-3951BA627991}.Release|iPhoneSimulator.ActiveCfg = Release|Any CPU
		{E964232D-6D89-43E7-8433-3951BA627991}.Release|Mixed Platforms.ActiveCfg = Release|Any CPU
		{E964232D-6D89-43E7-8433-3951BA627991}.Release|Mixed Platforms.Build.0 = Release|Any CPU
		{E964232D-6D89-43E7-8433-3951BA627991}.Release|x86.ActiveCfg = Release|Any CPU
		{FB73D461-D197-42A2-8928-086333277E54}.Ad-Hoc|Any CPU.ActiveCfg = Release|Any CPU
		{FB73D461-D197-42A2-8928-086333277E54}.Ad-Hoc|Any CPU.Build.0 = Release|Any CPU
		{FB73D461-D197-42A2-8928-086333277E54}.Ad-Hoc|ARM.ActiveCfg = Release|ARM
		{FB73D461-D197-42A2-8928-086333277E54}.Ad-Hoc|ARM.Build.0 = Release|ARM
		{FB73D461-D197-42A2-8928-086333277E54}.Ad-Hoc|iPhone.ActiveCfg = Release|Any CPU
		{FB73D461-D197-42A2-8928-086333277E54}.Ad-Hoc|iPhoneSimulator.ActiveCfg = Release|Any CPU
		{FB73D461-D197-42A2-8928-086333277E54}.Ad-Hoc|Mixed Platforms.ActiveCfg = Release|x86
		{FB73D461-D197-42A2-8928-086333277E54}.Ad-Hoc|Mixed Platforms.Build.0 = Release|x86
		{FB73D461-D197-42A2-8928-086333277E54}.Ad-Hoc|x86.ActiveCfg = Release|x86
		{FB73D461-D197-42A2-8928-086333277E54}.Ad-Hoc|x86.Build.0 = Release|x86
		{FB73D461-D197-42A2-8928-086333277E54}.AppStore|Any CPU.ActiveCfg = Release|Any CPU
		{FB73D461-D197-42A2-8928-086333277E54}.AppStore|Any CPU.Build.0 = Release|Any CPU
		{FB73D461-D197-42A2-8928-086333277E54}.AppStore|ARM.ActiveCfg = Release|ARM
		{FB73D461-D197-42A2-8928-086333277E54}.AppStore|ARM.Build.0 = Release|ARM
		{FB73D461-D197-42A2-8928-086333277E54}.AppStore|iPhone.ActiveCfg = Release|Any CPU
		{FB73D461-D197-42A2-8928-086333277E54}.AppStore|iPhoneSimulator.ActiveCfg = Release|Any CPU
		{FB73D461-D197-42A2-8928-086333277E54}.AppStore|Mixed Platforms.ActiveCfg = Release|x86
		{FB73D461-D197-42A2-8928-086333277E54}.AppStore|Mixed Platforms.Build.0 = Release|x86
		{FB73D461-D197-42A2-8928-086333277E54}.AppStore|x86.ActiveCfg = Release|x86
		{FB73D461-D197-42A2-8928-086333277E54}.AppStore|x86.Build.0 = Release|x86
		{FB73D461-D197-42A2-8928-086333277E54}.Debug|Any CPU.ActiveCfg = Debug|Any CPU
		{FB73D461-D197-42A2-8928-086333277E54}.Debug|Any CPU.Build.0 = Debug|Any CPU
		{FB73D461-D197-42A2-8928-086333277E54}.Debug|ARM.ActiveCfg = Debug|ARM
		{FB73D461-D197-42A2-8928-086333277E54}.Debug|ARM.Build.0 = Debug|ARM
		{FB73D461-D197-42A2-8928-086333277E54}.Debug|iPhone.ActiveCfg = Debug|Any CPU
		{FB73D461-D197-42A2-8928-086333277E54}.Debug|iPhoneSimulator.ActiveCfg = Debug|Any CPU
		{FB73D461-D197-42A2-8928-086333277E54}.Debug|Mixed Platforms.ActiveCfg = Debug|x86
		{FB73D461-D197-42A2-8928-086333277E54}.Debug|Mixed Platforms.Build.0 = Debug|x86
		{FB73D461-D197-42A2-8928-086333277E54}.Debug|x86.ActiveCfg = Debug|x86
		{FB73D461-D197-42A2-8928-086333277E54}.Debug|x86.Build.0 = Debug|x86
		{FB73D461-D197-42A2-8928-086333277E54}.Release|Any CPU.ActiveCfg = Release|Any CPU
		{FB73D461-D197-42A2-8928-086333277E54}.Release|Any CPU.Build.0 = Release|Any CPU
		{FB73D461-D197-42A2-8928-086333277E54}.Release|ARM.ActiveCfg = Release|ARM
		{FB73D461-D197-42A2-8928-086333277E54}.Release|ARM.Build.0 = Release|ARM
		{FB73D461-D197-42A2-8928-086333277E54}.Release|iPhone.ActiveCfg = Release|Any CPU
		{FB73D461-D197-42A2-8928-086333277E54}.Release|iPhoneSimulator.ActiveCfg = Release|Any CPU
		{FB73D461-D197-42A2-8928-086333277E54}.Release|Mixed Platforms.ActiveCfg = Release|x86
		{FB73D461-D197-42A2-8928-086333277E54}.Release|Mixed Platforms.Build.0 = Release|x86
		{FB73D461-D197-42A2-8928-086333277E54}.Release|x86.ActiveCfg = Release|x86
		{FB73D461-D197-42A2-8928-086333277E54}.Release|x86.Build.0 = Release|x86
	EndGlobalSection
	GlobalSection(NestedProjects) = preSolution
	EndGlobalSection
	GlobalSection(MonoDevelopProperties) = preSolution
		StartupItem = Sample.Touch\Sample.Touch.csproj
	EndGlobalSection
	GlobalSection(SolutionProperties) = preSolution
		HideSolutionNode = FALSE
	EndGlobalSection
EndGlobal
